{
  "name": "specleap-framework",
  "version": "2.1.1",
  "lockfileVersion": 3,
  "requires": true,
  "packages": {
    "": {
      "name": "specleap-framework",
      "version": "2.1.1",
      "license": "MIT",
      "bin": {
        "specleap-framework": "bin/specleap"
      },
      "engines": {
        "node": ">=18.0.0"
      }
    }
  }
}
